
Microsoft Visual Studio Solution File, Format Version 12.00
# Visual Studio 15
VisualStudioVersion = 15.0.28307.1000
MinimumVisualStudioVersion = 10.0.40219.1
Project("{FAE04EC0-301F-11D3-BF4B-00C04F79EFBC}") = "Sinema", "Sinema\Sinema.csproj", "{7E7AA77B-3632-4261-8316-F8F7A5BE7A1F}"
EndProject
Global
	GlobalSection(SolutionConfigurationPlatforms) = preSolution
		Debug|Any CPU = Debug|Any CPU
		Release|Any CPU = Release|Any CPU
	EndGlobalSection
	GlobalSection(ProjectConfigurationPlatforms) = postSolution
		{7E7AA77B-3632-4261-8316-F8F7A5BE7A1F}.Debug|Any CPU.ActiveCfg = Debug|Any CPU
		{7E7AA77B-3632-4261-8316-F8F7A5BE7A1F}.Debug|Any CPU.Build.0 = Debug|Any CPU
		{7E7AA77B-3632-4261-8316-F8F7A5BE7A1F}.Release|Any CPU.ActiveCfg = Release|Any CPU
		{7E7AA77B-3632-4261-8316-F8F7A5BE7A1F}.Release|Any CPU.Build.0 = Release|Any CPU
	EndGlobalSection
	GlobalSection(SolutionProperties) = preSolution
		HideSolutionNode = FALSE
	EndGlobalSection
	GlobalSection(ExtensibilityGlobals) = postSolution
		SolutionGuid = {5D3DC897-CDF8-4385-8A94-B634E039F03C}
	EndGlobalSection
EndGlobal
